// !$*UTF8*$!
{
	archiveVersion = 1;
	classes = {
	};
	objectVersion = 55;
	objects = {

/* Begin PBXBuildFile section */
		1781BA55280DA2AD0073BCBC /* AppDelegate.m in Sources */ = {isa = PBXBuildFile; fileRef = 1781BA54280DA2AD0073BCBC /* AppDelegate.m */; };
		1781BA58280DA2AD0073BCBC /* SceneDelegate.m in Sources */ = {isa = PBXBuildFile; fileRef = 1781BA57280DA2AD0073BCBC /* SceneDelegate.m */; };
		1781BA5B280DA2AD0073BCBC /* ViewController.m in Sources */ = {isa = PBXBuildFile; fileRef = 1781BA5A280DA2AD0073BCBC /* ViewController.m */; };
		1781BA5E280DA2AD0073BCBC /* Main.storyboard in Resources */ = {isa = PBXBuildFile; fileRef = 1781BA5C280DA2AD0073BCBC /* Main.storyboard */; };
		1781BA60280DA2AE0073BCBC /* Assets.xcassets in Resources */ = {isa = PBXBuildFile; fileRef = 1781BA5F280DA2AE0073BCBC /* Assets.xcassets */; };
		1781BA63280DA2AE0073BCBC /* LaunchScreen.storyboard in Resources */ = {isa = PBXBuildFile; fileRef = 1781BA61280DA2AE0073BCBC /* LaunchScreen.storyboard */; };
		1781BA66280DA2AE0073BCBC /* main.m in Sources */ = {isa = PBXBuildFile; fileRef = 1781BA65280DA2AE0073BCBC /* main.m */; };
/* End PBXBuildFile section */

/* Begin PBXFileReference section */
		1781BA50280DA2AD0073BCBC /* MyFirstIosApp.app */ = {isa = PBXFileReference; explicitFileType = wrapper.application; includeInIndex = 0; path = MyFirstIosApp.app; sourceTree = BUILT_PRODUCTS_DIR; };
		1781BA53280DA2AD0073BCBC /* AppDelegate.h */ = {isa = PBXFileReference; lastKnownFileType = sourcecode.c.h; path = AppDelegate.h; sourceTree = "<group>"; };
		1781BA54280DA2AD0073BCBC /* AppDelegate.m */ = {isa = PBXFileReference; lastKnownFileType = sourcecode.c.objc; path = AppDelegate.m; sourceTree = "<group>"; };
		1781BA56280DA2AD0073BCBC /* SceneDelegate.h */ = {isa = PBXFileReference; lastKnownFileType = sourcecode.c.h; path = SceneDelegate.h; sourceTree = "<group>"; };
		1781BA57280DA2AD0073BCBC /* SceneDelegate.m */ = {isa = PBXFileReference; lastKnownFileType = sourcecode.c.objc; path = SceneDelegate.m; sourceTree = "<group>"; };
		1781BA59280DA2AD0073BCBC /* ViewController.h */ = {isa = PBXFileReference; lastKnownFileType = sourcecode.c.h; path = ViewController.h; sourceTree = "<group>"; };
		1781BA5A280DA2AD0073BCBC /* ViewController.m */ = {isa = PBXFileReference; lastKnownFileType = sourcecode.c.objc; path = ViewController.m; sourceTree = "<group>"; };
		1781BA5D280DA2AD0073BCBC /* Base */ = {isa = PBXFileReference; lastKnownFileType = file.storyboard; name = Base; path = Base.lproj/Main.storyboard; sourceTree = "<group>"; };
		1781BA5F280DA2AE0073BCBC /* Assets.xcassets */ = {isa = PBXFileReference; lastKnownFileType = folder.assetcatalog; path = Assets.xcassets; sourceTree = "<group>"; };
		1781BA62280DA2AE0073BCBC /* Base */ = {isa = PBXFileReference; lastKnownFileType = file.storyboard; name = Base; path = Base.lproj/LaunchScreen.storyboard; sourceTree = "<group>"; };
		1781BA64280DA2AE0073BCBC /* Info.plist */ = {isa = PBXFileReference; lastKnownFileType = text.plist.xml; path = Info.plist; sourceTree = "<group>"; };
		1781BA65280DA2AE0073BCBC /* main.m */ = {isa = PBXFileReference; lastKnownFileType = sourcecode.c.objc; path = main.m; sourceTree = "<group>"; };
/* End PBXFileReference section */

/* Begin PBXFrameworksBuildPhase section */
		1781BA4D280DA2AD0073BCBC /* Frameworks */ = {
			isa = PBXFrameworksBuildPhase;
			buildActionMask = 2147483647;
			files = (
			);
			runOnlyForDeploymentPostprocessing = 0;
		};
/* End PBXFrameworksBuildPhase section */

/* Begin PBXGroup section */
		1781BA47280DA2AD0073BCBC = {
			isa = PBXGroup;
			children = (
				1781BA52280DA2AD0073BCBC /* MyFirstIosApp */,
				1781BA51280DA2AD0073BCBC /* Products */,
			);
			sourceTree = "<group>";
		};
		1781BA51280DA2AD0073BCBC /* Products */ = {
			isa = PBXGroup;
			children = (
				1781BA50280DA2AD0073BCBC /* MyFirstIosApp.app */,
			);
			name = Products;
			sourceTree = "<group>";
		};
		1781BA52280DA2AD0073BCBC /* MyFirstIosApp */ = {
			isa = PBXGroup;
			children = (
				1781BA53280DA2AD0073BCBC /* AppDelegate.h */,
				1781BA54280DA2AD0073BCBC /* AppDelegate.m */,
				1781BA56280DA2AD0073BCBC /* SceneDelegate.h */,
				1781BA57280DA2AD0073BCBC /* SceneDelegate.m */,
				1781BA59280DA2AD0073BCBC /* ViewController.h */,
				1781BA5A280DA2AD0073BCBC /* ViewController.m */,
				1781BA5C280DA2AD0073BCBC /* Main.storyboard */,
				1781BA5F280DA2AE0073BCBC /* Assets.xcassets */,
				1781BA61280DA2AE0073BCBC /* LaunchScreen.storyboard */,
				1781BA64280DA2AE0073BCBC /* Info.plist */,
				1781BA65280DA2AE0073BCBC /* main.m */,
			);
			path = MyFirstIosApp;
			sourceTree = "<group>";
		};
/* End PBXGroup section */

/* Begin PBXNativeTarget section */
		1781BA4F280DA2AD0073BCBC /* MyFirstIosApp */ = {
			isa = PBXNativeTarget;
			buildConfigurationList = 1781BA69280DA2AE0073BCBC /* Build configuration list for PBXNativeTarget "MyFirstIosApp" */;
			buildPhases = (
				1781BA4C280DA2AD0073BCBC /* Sources */,
				1781BA4D280DA2AD0073BCBC /* Frameworks */,
				1781BA4E280DA2AD0073BCBC /* Resources */,
			);
			buildRules = (
			);
			dependencies = (
			);
			name = MyFirstIosApp;
			productName = MyFirstIosApp;
			productReference = 1781BA50280DA2AD0073BCBC /* MyFirstIosApp.app */;
			productType = "com.apple.product-type.application";
		};
/* End PBXNativeTarget section */

/* Begin PBXProject section */
		1781BA48280DA2AD0073BCBC /* Project object */ = {
			isa = PBXProject;
			attributes = {
				BuildIndependentTargetsInParallel = 1;
				KnownAssetTags = (
					New,
				);
				LastUpgradeCheck = 1330;
				TargetAttributes = {
					1781BA4F280DA2AD0073BCBC = {
						CreatedOnToolsVersion = 13.3.1;
					};
				};
			};
			buildConfigurationList = 1781BA4B280DA2AD0073BCBC /* Build configuration list for PBXProject "MyFirstIosApp" */;
			compatibilityVersion = "Xcode 13.0";
			developmentRegion = en;
			hasScannedForEncodings = 0;
			knownRegions = (
				en,
				Base,
			);
			mainGroup = 1781BA47280DA2AD0073BCBC;
			productRefGroup = 1781BA51280DA2AD0073BCBC /* Products */;
			projectDirPath = "";
			projectRoot = "";
			targets = (
				1781BA4F280DA2AD0073BCBC /* MyFirstIosApp */,
			);
		};
/* End PBXProject section */

/* Begin PBXResourcesBuildPhase section */
		1781BA4E280DA2AD0073BCBC /* Resources */ = {
			isa = PBXResourcesBuildPhase;
			buildActionMask = 2147483647;
			files = (
				1781BA63280DA2AE0073BCBC /* LaunchScreen.storyboard in Resources */,
				1781BA60280DA2AE0073BCBC /* Assets.xcassets in Resources */,
				1781BA5E280DA2AD0073BCBC /* Main.storyboard in Resources */,
			);
			runOnlyForDeploymentPostprocessing = 0;
		};
/* End PBXResourcesBuildPhase section */

/* Begin PBXSourcesBuildPhase section */
		1781BA4C280DA2AD0073BCBC /* Sources */ = {
			isa = PBXSourcesBuildPhase;
			buildActionMask = 2147483647;
			files = (
				1781BA5B280DA2AD0073BCBC /* ViewController.m in Sources */,
				1781BA55280DA2AD0073BCBC /* AppDelegate.m in Sources */,
				1781BA66280DA2AE0073BCBC /* main.m in Sources */,
				1781BA58280DA2AD0073BCBC /* SceneDelegate.m in Sources */,
			);
			runOnlyForDeploymentPostprocessing = 0;
		};
/* End PBXSourcesBuildPhase section */

/* Begin PBXVariantGroup section */
		1781BA5C280DA2AD0073BCBC /* Main.storyboard */ = {
			isa = PBXVariantGroup;
			children = (
				1781BA5D280DA2AD0073BCBC /* Base */,
			);
			name = Main.storyboard;
			sourceTree = "<group>";
		};
		1781BA61280DA2AE0073BCBC /* LaunchScreen.storyboard */ = {
			isa = PBXVariantGroup;
			children = (
				1781BA62280DA2AE0073BCBC /* Base */,
			);
			name = LaunchScreen.storyboard;
			sourceTree = "<group>";
		};
/* End PBXVariantGroup section */

/* Begin XCBuildConfiguration section */
		1781BA67280DA2AE0073BCBC /* Debug */ = {
			isa = XCBuildConfiguration;
			buildSettings = {
				ALWAYS_SEARCH_USER_PATHS = NO;
				CLANG_ANALYZER_NONNULL = YES;
				CLANG_ANALYZER_NUMBER_OBJECT_CONVERSION = YES_AGGRESSIVE;
				CLANG_CXX_LANGUAGE_STANDARD = "gnu++17";
				CLANG_ENABLE_MODULES = YES;
				CLANG_ENABLE_OBJC_ARC = YES;
				CLANG_ENABLE_OBJC_WEAK = YES;
				CLANG_WARN_BLOCK_CAPTURE_AUTORELEASING = YES;
				CLANG_WARN_BOOL_CONVERSION = YES;
				CLANG_WARN_COMMA = YES;
				CLANG_WARN_CONSTANT_CONVERSION = YES;
				CLANG_WARN_DEPRECATED_OBJC_IMPLEMENTATIONS = YES;
				CLANG_WARN_DIRECT_OBJC_ISA_USAGE = YES_ERROR;
				CLANG_WARN_DOCUMENTATION_COMMENTS = YES;
				CLANG_WARN_EMPTY_BODY = YES;
				CLANG_WARN_ENUM_CONVERSION = YES;
				CLANG_WARN_INFINITE_RECURSION = YES;
				CLANG_WARN_INT_CONVERSION = YES;
				CLANG_WARN_NON_LITERAL_NULL_CONVERSION = YES;
				CLANG_WARN_OBJC_IMPLICIT_RETAIN_SELF = YES;
				CLANG_WARN_OBJC_LITERAL_CONVERSION = YES;
				CLANG_WARN_OBJC_ROOT_CLASS = YES_ERROR;
				CLANG_WARN_QUOTED_INCLUDE_IN_FRAMEWORK_HEADER = YES;
				CLANG_WARN_RANGE_LOOP_ANALYSIS = YES;
				CLANG_WARN_STRICT_PROTOTYPES = YES;
				CLANG_WARN_SUSPICIOUS_MOVE = YES;
				CLANG_WARN_UNGUARDED_AVAILABILITY = YES_AGGRESSIVE;
				CLANG_WARN_UNREACHABLE_CODE = YES;
				CLANG_WARN__DUPLICATE_METHOD_MATCH = YES;
				COPY_PHASE_STRIP = NO;
				DEBUG_INFORMATION_FORMAT = dwarf;
				ENABLE_STRICT_OBJC_MSGSEND = YES;
				ENABLE_TESTABILITY = YES;
				GCC_C_LANGUAGE_STANDARD = gnu11;
				GCC_DYNAMIC_NO_PIC = NO;
				GCC_NO_COMMON_BLOCKS = YES;
				GCC_OPTIMIZATION_LEVEL = 0;
				GCC_PREPROCESSOR_DEFINITIONS = (
					"DEBUG=1",
					"$(inherited)",
				);
				GCC_WARN_64_TO_32_BIT_CONVERSION = YES;
				GCC_WARN_ABOUT_RETURN_TYPE = YES_ERROR;
				GCC_WARN_UNDECLARED_SELECTOR = YES;
				GCC_WARN_UNINITIALIZED_AUTOS = YES_AGGRESSIVE;
				GCC_WARN_UNUSED_FUNCTION = YES;
				GCC_WARN_UNUSED_VARIABLE = YES;
				IPHONEOS_DEPLOYMENT_TARGET = 15.4;
				MTL_ENABLE_DEBUG_INFO = INCLUDE_SOURCE;
				MTL_FAST_MATH = YES;
				ONLY_ACTIVE_ARCH = YES;
				SDKROOT = iphoneos;
			};
			name = Debug;
		};
		1781BA68280DA2AE0073BCBC /* Release */ = {
			isa = XCBuildConfiguration;
			buildSettings = {
				ALWAYS_SEARCH_USER_PATHS = NO;
				CLANG_ANALYZER_NONNULL = YES;
				CLANG_ANALYZER_NUMBER_OBJECT_CONVERSION = YES_AGGRESSIVE;
				CLANG_CXX_LANGUAGE_STANDARD = "gnu++17";
				CLANG_ENABLE_MODULES = YES;
				CLANG_ENABLE_OBJC_ARC = YES;
				CLANG_ENABLE_OBJC_WEAK = YES;
				CLANG_WARN_BLOCK_CAPTURE_AUTORELEASING = YES;
				CLANG_WARN_BOOL_CONVERSION = YES;
				CLANG_WARN_COMMA = YES;
				CLANG_WARN_CONSTANT_CONVERSION = YES;
				CLANG_WARN_DEPRECATED_OBJC_IMPLEMENTATIONS = YES;
				CLANG_WARN_DIRECT_OBJC_ISA_USAGE = YES_ERROR;
				CLANG_WARN_DOCUMENTATION_COMMENTS = YES;
				CLANG_WARN_EMPTY_BODY = YES;
				CLANG_WARN_ENUM_CONVERSION = YES;
				CLANG_WARN_INFINITE_RECURSION = YES;
				CLANG_WARN_INT_CONVERSION = YES;
				CLANG_WARN_NON_LITERAL_NULL_CONVERSION = YES;
				CLANG_WARN_OBJC_IMPLICIT_RETAIN_SELF = YES;
				CLANG_WARN_OBJC_LITERAL_CONVERSION = YES;
				CLANG_WARN_OBJC_ROOT_CLASS = YES_ERROR;
				CLANG_WARN_QUOTED_INCLUDE_IN_FRAMEWORK_HEADER = YES;
				CLANG_WARN_RANGE_LOOP_ANALYSIS = YES;
				CLANG_WARN_STRICT_PROTOTYPES = YES;
				CLANG_WARN_SUSPICIOUS_MOVE = YES;
				CLANG_WARN_UNGUARDED_AVAILABILITY = YES_AGGRESSIVE;
				CLANG_WARN_UNREACHABLE_CODE = YES;
				CLANG_WARN__DUPLICATE_METHOD_MATCH = YES;
				COPY_PHASE_STRIP = NO;
				DEBUG_INFORMATION_FORMAT = "dwarf-with-dsym";
				ENABLE_NS_ASSERTIONS = NO;
				ENABLE_STRICT_OBJC_MSGSEND = YES;
				GCC_C_LANGUAGE_STANDARD = gnu11;
				GCC_NO_COMMON_BLOCKS = YES;
				GCC_WARN_64_TO_32_BIT_CONVERSION = YES;
				GCC_WARN_ABOUT_RETURN_TYPE = YES_ERROR;
				GCC_WARN_UNDECLARED_SELECTOR = YES;
				GCC_WARN_UNINITIALIZED_AUTOS = YES_AGGRESSIVE;
				GCC_WARN_UNUSED_FUNCTION = YES;
				GCC_WARN_UNUSED_VARIABLE = YES;
				IPHONEOS_DEPLOYMENT_TARGET = 15.4;
				MTL_ENABLE_DEBUG_INFO = NO;
				MTL_FAST_MATH = YES;
				SDKROOT = iphoneos;
				VALIDATE_PRODUCT = YES;
			};
			name = Release;
		};
		1781BA6A280DA2AE0073BCBC /* Debug */ = {
			isa = XCBuildConfiguration;
			buildSettings = {
				ASSETCATALOG_COMPILER_APPICON_NAME = AppIcon;
				ASSETCATALOG_COMPILER_GLOBAL_ACCENT_COLOR_NAME = AccentColor;
				CODE_SIGN_STYLE = Automatic;
				CURRENT_PROJECT_VERSION = 1;
				GENERATE_INFOPLIST_FILE = YES;
				INFOPLIST_FILE = MyFirstIosApp/Info.plist;
				INFOPLIST_KEY_UIApplicationSupportsIndirectInputEvents = YES;
				INFOPLIST_KEY_UILaunchStoryboardName = LaunchScreen;
				INFOPLIST_KEY_UIMainStoryboardFile = Main;
				INFOPLIST_KEY_UISupportedInterfaceOrientations_iPad = "UIInterfaceOrientationPortrait UIInterfaceOrientationPortraitUpsideDown UIInterfaceOrientationLandscapeLeft UIInterfaceOrientationLandscapeRight";
				INFOPLIST_KEY_UISupportedInterfaceOrientations_iPhone = "UIInterfaceOrientationPortrait UIInterfaceOrientationLandscapeLeft UIInterfaceOrientationLandscapeRight";
				LD_RUNPATH_SEARCH_PATHS = (
					"$(inherited)",
					"@executable_path/Frameworks",
				);
				MARKETING_VERSION = 1.0;
				PRODUCT_BUNDLE_IDENTIFIER = myFirstIosProject.MyFirstIosApp;
				PRODUCT_NAME = "$(TARGET_NAME)";
				SWIFT_EMIT_LOC_STRINGS = YES;
				TARGETED_DEVICE_FAMILY = "1,2";
			};
			name = Debug;
		};
		1781BA6B280DA2AE0073BCBC /* Release */ = {
			isa = XCBuildConfiguration;
			buildSettings = {
				ASSETCATALOG_COMPILER_APPICON_NAME = AppIcon;
				ASSETCATALOG_COMPILER_GLOBAL_ACCENT_COLOR_NAME = AccentColor;
				CODE_SIGN_STYLE = Automatic;
				CURRENT_PROJECT_VERSION = 1;
				GENERATE_INFOPLIST_FILE = YES;
				INFOPLIST_FILE = MyFirstIosApp/Info.plist;
				INFOPLIST_KEY_UIApplicationSupportsIndirectInputEvents = YES;
				INFOPLIST_KEY_UILaunchStoryboardName = LaunchScreen;
				INFOPLIST_KEY_UIMainStoryboardFile = Main;
				INFOPLIST_KEY_UISupportedInterfaceOrientations_iPad = "UIInterfaceOrientationPortrait UIInterfaceOrientationPortraitUpsideDown UIInterfaceOrientationLandscapeLeft UIInterfaceOrientationLandscapeRight";
				INFOPLIST_KEY_UISupportedInterfaceOrientations_iPhone = "UIInterfaceOrientationPortrait UIInterfaceOrientationLandscapeLeft UIInterfaceOrientationLandscapeRight";
				LD_RUNPATH_SEARCH_PATHS = (
					"$(inherited)",
					"@executable_path/Frameworks",
				);
				MARKETING_VERSION = 1.0;
				PRODUCT_BUNDLE_IDENTIFIER = myFirstIosProject.MyFirstIosApp;
				PRODUCT_NAME = "$(TARGET_NAME)";
				SWIFT_EMIT_LOC_STRINGS = YES;
				TARGETED_DEVICE_FAMILY = "1,2";
			};
			name = Release;
		};
/* End XCBuildConfiguration section */

/* Begin XCConfigurationList section */
		1781BA4B280DA2AD0073BCBC /* Build configuration list for PBXProject "MyFirstIosApp" */ = {
			isa = XCConfigurationList;
			buildConfigurations = (
				1781BA67280DA2AE0073BCBC /* Debug */,
				1781BA68280DA2AE0073BCBC /* Release */,
			);
			defaultConfigurationIsVisible = 0;
			defaultConfigurationName = Release;
		};
		1781BA69280DA2AE0073BCBC /* Build configuration list for PBXNativeTarget "MyFirstIosApp" */ = {
			isa = XCConfigurationList;
			buildConfigurations = (
				1781BA6A280DA2AE0073BCBC /* Debug */,
				1781BA6B280DA2AE0073BCBC /* Release */,
			);
			defaultConfigurationIsVisible = 0;
			defaultConfigurationName = Release;
		};
/* End XCConfigurationList section */
	};
	rootObject = 1781BA48280DA2AD0073BCBC /* Project object */;
}
